
Microsoft Visual Studio Solution File, Format Version 12.00
# Visual Studio Version 17
VisualStudioVersion = 17.14.36408.4 d17.14
MinimumVisualStudioVersion = 10.0.40219.1
Project("{FAE04EC0-301F-11D3-BF4B-00C04F79EFBC}") = "NcNetic.Hmi.Api", "NcNetic.Hmi.Api.csproj", "{337C4509-935E-4D5D-B41C-71B656E35EE6}"
EndProject
Global
	GlobalSection(SolutionConfigurationPlatforms) = preSolution
		Debug|Any CPU = Debug|Any CPU
		Release|Any CPU = Release|Any CPU
	EndGlobalSection
	GlobalSection(ProjectConfigurationPlatforms) = postSolution
		{337C4509-935E-4D5D-B41C-71B656E35EE6}.Debug|Any CPU.ActiveCfg = Debug|Any CPU
		{337C4509-935E-4D5D-B41C-71B656E35EE6}.Debug|Any CPU.Build.0 = Debug|Any CPU
		{337C4509-935E-4D5D-B41C-71B656E35EE6}.Release|Any CPU.ActiveCfg = Release|Any CPU
		{337C4509-935E-4D5D-B41C-71B656E35EE6}.Release|Any CPU.Build.0 = Release|Any CPU
	EndGlobalSection
	GlobalSection(SolutionProperties) = preSolution
		HideSolutionNode = FALSE
	EndGlobalSection
	GlobalSection(ExtensibilityGlobals) = postSolution
		SolutionGuid = {90BB3D8F-AA91-469E-9B33-687197353B8B}
	EndGlobalSection
EndGlobal
